// !$*UTF8*$!
{
	archiveVersion = 1;
	classes = {
	};
	objectVersion = 56;
	objects = {

/* Begin PBXBuildFile section */
		3F78FD9E29E5E9C600122C8C /* AppDelegate.swift in Sources */ = {isa = PBXBuildFile; fileRef = 3F78FD9D29E5E9C600122C8C /* AppDelegate.swift */; };
		3F78FDA029E5E9C600122C8C /* SceneDelegate.swift in Sources */ = {isa = PBXBuildFile; fileRef = 3F78FD9F29E5E9C600122C8C /* SceneDelegate.swift */; };
		3F78FDA229E5E9C600122C8C /* TimerHomeScreenViewController.swift in Sources */ = {isa = PBXBuildFile; fileRef = 3F78FDA129E5E9C600122C8C /* TimerHomeScreenViewController.swift */; };
		3F78FDA529E5E9C600122C8C /* Main.storyboard in Resources */ = {isa = PBXBuildFile; fileRef = 3F78FDA329E5E9C600122C8C /* Main.storyboard */; };
		3F78FDA729E5E9C700122C8C /* Assets.xcassets in Resources */ = {isa = PBXBuildFile; fileRef = 3F78FDA629E5E9C700122C8C /* Assets.xcassets */; };
		3F78FDAA29E5E9C700122C8C /* LaunchScreen.storyboard in Resources */ = {isa = PBXBuildFile; fileRef = 3F78FDA829E5E9C700122C8C /* LaunchScreen.storyboard */; };
		3F78FDB229E5F04400122C8C /* Clock.swift in Sources */ = {isa = PBXBuildFile; fileRef = 3F78FDB129E5F04400122C8C /* Clock.swift */; };
		3FE8EF9829E761C700B36BA4 /* StopWatchViewController.swift in Sources */ = {isa = PBXBuildFile; fileRef = 3FE8EF9729E761C700B36BA4 /* StopWatchViewController.swift */; };
		3FE8EF9A29E8A49F00B36BA4 /* oh_my_god_vine.mp3 in Resources */ = {isa = PBXBuildFile; fileRef = 3FE8EF9929E8A49F00B36BA4 /* oh_my_god_vine.mp3 */; };
/* End PBXBuildFile section */

/* Begin PBXFileReference section */
		3F78FD9A29E5E9C600122C8C /* timer.app */ = {isa = PBXFileReference; explicitFileType = wrapper.application; includeInIndex = 0; path = timer.app; sourceTree = BUILT_PRODUCTS_DIR; };
		3F78FD9D29E5E9C600122C8C /* AppDelegate.swift */ = {isa = PBXFileReference; lastKnownFileType = sourcecode.swift; path = AppDelegate.swift; sourceTree = "<group>"; };
		3F78FD9F29E5E9C600122C8C /* SceneDelegate.swift */ = {isa = PBXFileReference; lastKnownFileType = sourcecode.swift; path = SceneDelegate.swift; sourceTree = "<group>"; };
		3F78FDA129E5E9C600122C8C /* TimerHomeScreenViewController.swift */ = {isa = PBXFileReference; lastKnownFileType = sourcecode.swift; path = TimerHomeScreenViewController.swift; sourceTree = "<group>"; };
		3F78FDA429E5E9C600122C8C /* Base */ = {isa = PBXFileReference; lastKnownFileType = file.storyboard; name = Base; path = Base.lproj/Main.storyboard; sourceTree = "<group>"; };
		3F78FDA629E5E9C700122C8C /* Assets.xcassets */ = {isa = PBXFileReference; lastKnownFileType = folder.assetcatalog; path = Assets.xcassets; sourceTree = "<group>"; };
		3F78FDA929E5E9C700122C8C /* Base */ = {isa = PBXFileReference; lastKnownFileType = file.storyboard; name = Base; path = Base.lproj/LaunchScreen.storyboard; sourceTree = "<group>"; };
		3F78FDAB29E5E9C700122C8C /* Info.plist */ = {isa = PBXFileReference; lastKnownFileType = text.plist.xml; path = Info.plist; sourceTree = "<group>"; };
		3F78FDB129E5F04400122C8C /* Clock.swift */ = {isa = PBXFileReference; lastKnownFileType = sourcecode.swift; path = Clock.swift; sourceTree = "<group>"; };
		3FE8EF9729E761C700B36BA4 /* StopWatchViewController.swift */ = {isa = PBXFileReference; lastKnownFileType = sourcecode.swift; name = StopWatchViewController.swift; path = timer/Controllers/StopWatchViewController.swift; sourceTree = SOURCE_ROOT; };
		3FE8EF9929E8A49F00B36BA4 /* oh_my_god_vine.mp3 */ = {isa = PBXFileReference; lastKnownFileType = audio.mp3; path = oh_my_god_vine.mp3; sourceTree = "<group>"; };
/* End PBXFileReference section */

/* Begin PBXFrameworksBuildPhase section */
		3F78FD9729E5E9C600122C8C /* Frameworks */ = {
			isa = PBXFrameworksBuildPhase;
			buildActionMask = 2147483647;
			files = (
			);
			runOnlyForDeploymentPostprocessing = 0;
		};
/* End PBXFrameworksBuildPhase section */

/* Begin PBXGroup section */
		3F78FD9129E5E9C500122C8C = {
			isa = PBXGroup;
			children = (
				3F78FD9C29E5E9C600122C8C /* timer */,
				3F78FD9B29E5E9C600122C8C /* Products */,
			);
			sourceTree = "<group>";
		};
		3F78FD9B29E5E9C600122C8C /* Products */ = {
			isa = PBXGroup;
			children = (
				3F78FD9A29E5E9C600122C8C /* timer.app */,
			);
			name = Products;
			sourceTree = "<group>";
		};
		3F78FD9C29E5E9C600122C8C /* timer */ = {
			isa = PBXGroup;
			children = (
				3F78FDB629E609C200122C8C /* Controllers */,
				3F78FDB529E6098700122C8C /* Extra */,
				3F78FDB429E6096F00122C8C /* Model */,
				3F78FDB329E6096300122C8C /* View */,
				3F78FDAB29E5E9C700122C8C /* Info.plist */,
			);
			path = timer;
			sourceTree = "<group>";
		};
		3F78FDB329E6096300122C8C /* View */ = {
			isa = PBXGroup;
			children = (
				3F78FDA829E5E9C700122C8C /* LaunchScreen.storyboard */,
				3F78FDA329E5E9C600122C8C /* Main.storyboard */,
			);
			path = View;
			sourceTree = "<group>";
		};
		3F78FDB429E6096F00122C8C /* Model */ = {
			isa = PBXGroup;
			children = (
				3F78FDB129E5F04400122C8C /* Clock.swift */,
			);
			path = Model;
			sourceTree = "<group>";
		};
		3F78FDB529E6098700122C8C /* Extra */ = {
			isa = PBXGroup;
			children = (
				3FE8EF9929E8A49F00B36BA4 /* oh_my_god_vine.mp3 */,
				3F78FD9F29E5E9C600122C8C /* SceneDelegate.swift */,
				3F78FD9D29E5E9C600122C8C /* AppDelegate.swift */,
				3F78FDA629E5E9C700122C8C /* Assets.xcassets */,
			);
			path = Extra;
			sourceTree = "<group>";
		};
		3F78FDB629E609C200122C8C /* Controllers */ = {
			isa = PBXGroup;
			children = (
				3FE8EF9729E761C700B36BA4 /* StopWatchViewController.swift */,
				3F78FDA129E5E9C600122C8C /* TimerHomeScreenViewController.swift */,
			);
			path = Controllers;
			sourceTree = "<group>";
		};
/* End PBXGroup section */

/* Begin PBXNativeTarget section */
		3F78FD9929E5E9C600122C8C /* timer */ = {
			isa = PBXNativeTarget;
			buildConfigurationList = 3F78FDAE29E5E9C700122C8C /* Build configuration list for PBXNativeTarget "timer" */;
			buildPhases = (
				3F78FD9629E5E9C600122C8C /* Sources */,
				3F78FD9729E5E9C600122C8C /* Frameworks */,
				3F78FD9829E5E9C600122C8C /* Resources */,
			);
			buildRules = (
			);
			dependencies = (
			);
			name = timer;
			productName = timer;
			productReference = 3F78FD9A29E5E9C600122C8C /* timer.app */;
			productType = "com.apple.product-type.application";
		};
/* End PBXNativeTarget section */

/* Begin PBXProject section */
		3F78FD9229E5E9C500122C8C /* Project object */ = {
			isa = PBXProject;
			attributes = {
				BuildIndependentTargetsInParallel = 1;
				LastSwiftUpdateCheck = 1420;
				LastUpgradeCheck = 1420;
				TargetAttributes = {
					3F78FD9929E5E9C600122C8C = {
						CreatedOnToolsVersion = 14.2;
					};
				};
			};
			buildConfigurationList = 3F78FD9529E5E9C500122C8C /* Build configuration list for PBXProject "timer" */;
			compatibilityVersion = "Xcode 14.0";
			developmentRegion = en;
			hasScannedForEncodings = 0;
			knownRegions = (
				en,
				Base,
			);
			mainGroup = 3F78FD9129E5E9C500122C8C;
			productRefGroup = 3F78FD9B29E5E9C600122C8C /* Products */;
			projectDirPath = "";
			projectRoot = "";
			targets = (
				3F78FD9929E5E9C600122C8C /* timer */,
			);
		};
/* End PBXProject section */

/* Begin PBXResourcesBuildPhase section */
		3F78FD9829E5E9C600122C8C /* Resources */ = {
			isa = PBXResourcesBuildPhase;
			buildActionMask = 2147483647;
			files = (
				3F78FDAA29E5E9C700122C8C /* LaunchScreen.storyboard in Resources */,
				3F78FDA729E5E9C700122C8C /* Assets.xcassets in Resources */,
				3FE8EF9A29E8A49F00B36BA4 /* oh_my_god_vine.mp3 in Resources */,
				3F78FDA529E5E9C600122C8C /* Main.storyboard in Resources */,
			);
			runOnlyForDeploymentPostprocessing = 0;
		};
/* End PBXResourcesBuildPhase section */

/* Begin PBXSourcesBuildPhase section */
		3F78FD9629E5E9C600122C8C /* Sources */ = {
			isa = PBXSourcesBuildPhase;
			buildActionMask = 2147483647;
			files = (
				3F78FDA229E5E9C600122C8C /* TimerHomeScreenViewController.swift in Sources */,
				3F78FD9E29E5E9C600122C8C /* AppDelegate.swift in Sources */,
				3F78FDB229E5F04400122C8C /* Clock.swift in Sources */,
				3F78FDA029E5E9C600122C8C /* SceneDelegate.swift in Sources */,
				3FE8EF9829E761C700B36BA4 /* StopWatchViewController.swift in Sources */,
			);
			runOnlyForDeploymentPostprocessing = 0;
		};
/* End PBXSourcesBuildPhase section */

/* Begin PBXVariantGroup section */
		3F78FDA329E5E9C600122C8C /* Main.storyboard */ = {
			isa = PBXVariantGroup;
			children = (
				3F78FDA429E5E9C600122C8C /* Base */,
			);
			name = Main.storyboard;
			sourceTree = "<group>";
		};
		3F78FDA829E5E9C700122C8C /* LaunchScreen.storyboard */ = {
			isa = PBXVariantGroup;
			children = (
				3F78FDA929E5E9C700122C8C /* Base */,
			);
			name = LaunchScreen.storyboard;
			sourceTree = "<group>";
		};
/* End PBXVariantGroup section */

/* Begin XCBuildConfiguration section */
		3F78FDAC29E5E9C700122C8C /* Debug */ = {
			isa = XCBuildConfiguration;
			buildSettings = {
				ALWAYS_SEARCH_USER_PATHS = NO;
				CLANG_ANALYZER_NONNULL = YES;
				CLANG_ANALYZER_NUMBER_OBJECT_CONVERSION = YES_AGGRESSIVE;
				CLANG_CXX_LANGUAGE_STANDARD = "gnu++20";
				CLANG_ENABLE_MODULES = YES;
				CLANG_ENABLE_OBJC_ARC = YES;
				CLANG_ENABLE_OBJC_WEAK = YES;
				CLANG_WARN_BLOCK_CAPTURE_AUTORELEASING = YES;
				CLANG_WARN_BOOL_CONVERSION = YES;
				CLANG_WARN_COMMA = YES;
				CLANG_WARN_CONSTANT_CONVERSION = YES;
				CLANG_WARN_DEPRECATED_OBJC_IMPLEMENTATIONS = YES;
				CLANG_WARN_DIRECT_OBJC_ISA_USAGE = YES_ERROR;
				CLANG_WARN_DOCUMENTATION_COMMENTS = YES;
				CLANG_WARN_EMPTY_BODY = YES;
				CLANG_WARN_ENUM_CONVERSION = YES;
				CLANG_WARN_INFINITE_RECURSION = YES;
				CLANG_WARN_INT_CONVERSION = YES;
				CLANG_WARN_NON_LITERAL_NULL_CONVERSION = YES;
				CLANG_WARN_OBJC_IMPLICIT_RETAIN_SELF = YES;
				CLANG_WARN_OBJC_LITERAL_CONVERSION = YES;
				CLANG_WARN_OBJC_ROOT_CLASS = YES_ERROR;
				CLANG_WARN_QUOTED_INCLUDE_IN_FRAMEWORK_HEADER = YES;
				CLANG_WARN_RANGE_LOOP_ANALYSIS = YES;
				CLANG_WARN_STRICT_PROTOTYPES = YES;
				CLANG_WARN_SUSPICIOUS_MOVE = YES;
				CLANG_WARN_UNGUARDED_AVAILABILITY = YES_AGGRESSIVE;
				CLANG_WARN_UNREACHABLE_CODE = YES;
				CLANG_WARN__DUPLICATE_METHOD_MATCH = YES;
				COPY_PHASE_STRIP = NO;
				DEBUG_INFORMATION_FORMAT = dwarf;
				ENABLE_STRICT_OBJC_MSGSEND = YES;
				ENABLE_TESTABILITY = YES;
				GCC_C_LANGUAGE_STANDARD = gnu11;
				GCC_DYNAMIC_NO_PIC = NO;
				GCC_NO_COMMON_BLOCKS = YES;
				GCC_OPTIMIZATION_LEVEL = 0;
				GCC_PREPROCESSOR_DEFINITIONS = (
					"DEBUG=1",
					"$(inherited)",
				);
				GCC_WARN_64_TO_32_BIT_CONVERSION = YES;
				GCC_WARN_ABOUT_RETURN_TYPE = YES_ERROR;
				GCC_WARN_UNDECLARED_SELECTOR = YES;
				GCC_WARN_UNINITIALIZED_AUTOS = YES_AGGRESSIVE;
				GCC_WARN_UNUSED_FUNCTION = YES;
				GCC_WARN_UNUSED_VARIABLE = YES;
				IPHONEOS_DEPLOYMENT_TARGET = 16.2;
				MTL_ENABLE_DEBUG_INFO = INCLUDE_SOURCE;
				MTL_FAST_MATH = YES;
				ONLY_ACTIVE_ARCH = YES;
				SDKROOT = iphoneos;
				SWIFT_ACTIVE_COMPILATION_CONDITIONS = DEBUG;
				SWIFT_OPTIMIZATION_LEVEL = "-Onone";
			};
			name = Debug;
		};
		3F78FDAD29E5E9C700122C8C /* Release */ = {
			isa = XCBuildConfiguration;
			buildSettings = {
				ALWAYS_SEARCH_USER_PATHS = NO;
				CLANG_ANALYZER_NONNULL = YES;
				CLANG_ANALYZER_NUMBER_OBJECT_CONVERSION = YES_AGGRESSIVE;
				CLANG_CXX_LANGUAGE_STANDARD = "gnu++20";
				CLANG_ENABLE_MODULES = YES;
				CLANG_ENABLE_OBJC_ARC = YES;
				CLANG_ENABLE_OBJC_WEAK = YES;
				CLANG_WARN_BLOCK_CAPTURE_AUTORELEASING = YES;
				CLANG_WARN_BOOL_CONVERSION = YES;
				CLANG_WARN_COMMA = YES;
				CLANG_WARN_CONSTANT_CONVERSION = YES;
				CLANG_WARN_DEPRECATED_OBJC_IMPLEMENTATIONS = YES;
				CLANG_WARN_DIRECT_OBJC_ISA_USAGE = YES_ERROR;
				CLANG_WARN_DOCUMENTATION_COMMENTS = YES;
				CLANG_WARN_EMPTY_BODY = YES;
				CLANG_WARN_ENUM_CONVERSION = YES;
				CLANG_WARN_INFINITE_RECURSION = YES;
				CLANG_WARN_INT_CONVERSION = YES;
				CLANG_WARN_NON_LITERAL_NULL_CONVERSION = YES;
				CLANG_WARN_OBJC_IMPLICIT_RETAIN_SELF = YES;
				CLANG_WARN_OBJC_LITERAL_CONVERSION = YES;
				CLANG_WARN_OBJC_ROOT_CLASS = YES_ERROR;
				CLANG_WARN_QUOTED_INCLUDE_IN_FRAMEWORK_HEADER = YES;
				CLANG_WARN_RANGE_LOOP_ANALYSIS = YES;
				CLANG_WARN_STRICT_PROTOTYPES = YES;
				CLANG_WARN_SUSPICIOUS_MOVE = YES;
				CLANG_WARN_UNGUARDED_AVAILABILITY = YES_AGGRESSIVE;
				CLANG_WARN_UNREACHABLE_CODE = YES;
				CLANG_WARN__DUPLICATE_METHOD_MATCH = YES;
				COPY_PHASE_STRIP = NO;
				DEBUG_INFORMATION_FORMAT = "dwarf-with-dsym";
				ENABLE_NS_ASSERTIONS = NO;
				ENABLE_STRICT_OBJC_MSGSEND = YES;
				GCC_C_LANGUAGE_STANDARD = gnu11;
				GCC_NO_COMMON_BLOCKS = YES;
				GCC_WARN_64_TO_32_BIT_CONVERSION = YES;
				GCC_WARN_ABOUT_RETURN_TYPE = YES_ERROR;
				GCC_WARN_UNDECLARED_SELECTOR = YES;
				GCC_WARN_UNINITIALIZED_AUTOS = YES_AGGRESSIVE;
				GCC_WARN_UNUSED_FUNCTION = YES;
				GCC_WARN_UNUSED_VARIABLE = YES;
				IPHONEOS_DEPLOYMENT_TARGET = 16.2;
				MTL_ENABLE_DEBUG_INFO = NO;
				MTL_FAST_MATH = YES;
				SDKROOT = iphoneos;
				SWIFT_COMPILATION_MODE = wholemodule;
				SWIFT_OPTIMIZATION_LEVEL = "-O";
				VALIDATE_PRODUCT = YES;
			};
			name = Release;
		};
		3F78FDAF29E5E9C700122C8C /* Debug */ = {
			isa = XCBuildConfiguration;
			buildSettings = {
				ASSETCATALOG_COMPILER_APPICON_NAME = AppIcon;
				ASSETCATALOG_COMPILER_GLOBAL_ACCENT_COLOR_NAME = AccentColor;
				CODE_SIGN_STYLE = Automatic;
				CURRENT_PROJECT_VERSION = 1;
				DEVELOPMENT_TEAM = 4GQG4DMLSA;
				GENERATE_INFOPLIST_FILE = YES;
				INFOPLIST_FILE = timer/Info.plist;
				INFOPLIST_KEY_UIApplicationSupportsIndirectInputEvents = YES;
				INFOPLIST_KEY_UILaunchStoryboardName = LaunchScreen;
				INFOPLIST_KEY_UIMainStoryboardFile = Main;
				INFOPLIST_KEY_UISupportedInterfaceOrientations = UIInterfaceOrientationPortrait;
				LD_RUNPATH_SEARCH_PATHS = (
					"$(inherited)",
					"@executable_path/Frameworks",
				);
				MARKETING_VERSION = 1.0;
				PRODUCT_BUNDLE_IDENTIFIER = edu.dixietech.ForrestArnold.timer;
				PRODUCT_NAME = "$(TARGET_NAME)";
				SWIFT_EMIT_LOC_STRINGS = YES;
				SWIFT_VERSION = 5.0;
				TARGETED_DEVICE_FAMILY = "1,2";
			};
			name = Debug;
		};
		3F78FDB029E5E9C700122C8C /* Release */ = {
			isa = XCBuildConfiguration;
			buildSettings = {
				ASSETCATALOG_COMPILER_APPICON_NAME = AppIcon;
				ASSETCATALOG_COMPILER_GLOBAL_ACCENT_COLOR_NAME = AccentColor;
				CODE_SIGN_STYLE = Automatic;
				CURRENT_PROJECT_VERSION = 1;
				DEVELOPMENT_TEAM = 4GQG4DMLSA;
				GENERATE_INFOPLIST_FILE = YES;
				INFOPLIST_FILE = timer/Info.plist;
				INFOPLIST_KEY_UIApplicationSupportsIndirectInputEvents = YES;
				INFOPLIST_KEY_UILaunchStoryboardName = LaunchScreen;
				INFOPLIST_KEY_UIMainStoryboardFile = Main;
				INFOPLIST_KEY_UISupportedInterfaceOrientations = UIInterfaceOrientationPortrait;
				LD_RUNPATH_SEARCH_PATHS = (
					"$(inherited)",
					"@executable_path/Frameworks",
				);
				MARKETING_VERSION = 1.0;
				PRODUCT_BUNDLE_IDENTIFIER = edu.dixietech.ForrestArnold.timer;
				PRODUCT_NAME = "$(TARGET_NAME)";
				SWIFT_EMIT_LOC_STRINGS = YES;
				SWIFT_VERSION = 5.0;
				TARGETED_DEVICE_FAMILY = "1,2";
			};
			name = Release;
		};
/* End XCBuildConfiguration section */

/* Begin XCConfigurationList section */
		3F78FD9529E5E9C500122C8C /* Build configuration list for PBXProject "timer" */ = {
			isa = XCConfigurationList;
			buildConfigurations = (
				3F78FDAC29E5E9C700122C8C /* Debug */,
				3F78FDAD29E5E9C700122C8C /* Release */,
			);
			defaultConfigurationIsVisible = 0;
			defaultConfigurationName = Release;
		};
		3F78FDAE29E5E9C700122C8C /* Build configuration list for PBXNativeTarget "timer" */ = {
			isa = XCConfigurationList;
			buildConfigurations = (
				3F78FDAF29E5E9C700122C8C /* Debug */,
				3F78FDB029E5E9C700122C8C /* Release */,
			);
			defaultConfigurationIsVisible = 0;
			defaultConfigurationName = Release;
		};
/* End XCConfigurationList section */
	};
	rootObject = 3F78FD9229E5E9C500122C8C /* Project object */;
}
